
Microsoft Visual Studio Solution File, Format Version 12.00
# Visual Studio Version 17
VisualStudioVersion = 17.5.002.0
MinimumVisualStudioVersion = 10.0.40219.1
Project("{2150E333-8FDC-42A3-9474-1A3956D46DE8}") = "native", "native", "{7C8E5541-0C35-483E-A2A2-EF9FD2729C6D}"
EndProject
Project("{9A19103F-16F7-4668-BE54-9A1E7A4F7556}") = "AslHelp.Native", "native\AslHelp.Native\AslHelp.Native.csproj", "{787D4753-C118-4783-9163-319ECC1EAA4C}"
EndProject
Project("{2150E333-8FDC-42A3-9474-1A3956D46DE8}") = "shared", "shared", "{A613C8E1-F875-4B56-ACF3-4CA240AEC930}"
EndProject
Project("{9A19103F-16F7-4668-BE54-9A1E7A4F7556}") = "AslHelp.Api", "shared\AslHelp.Api\AslHelp.Api.csproj", "{DA1029FA-DA5B-4FD4-AB96-DF73D381C124}"
EndProject
Project("{9A19103F-16F7-4668-BE54-9A1E7A4F7556}") = "AslHelp.Shared", "shared\AslHelp.Shared\AslHelp.Shared.csproj", "{F2AD2CE2-E5DF-4B08-A9D1-33C674DEB27D}"
EndProject
Project("{2150E333-8FDC-42A3-9474-1A3956D46DE8}") = "src", "src", "{AF65C56C-90AB-46FD-B9CE-8A7C725B8664}"
EndProject
Project("{9A19103F-16F7-4668-BE54-9A1E7A4F7556}") = "AslHelp.Collections", "src\AslHelp.Collections\AslHelp.Collections.csproj", "{C121AA29-EFB0-4368-9FD0-309DE5F02032}"
EndProject
Project("{2150E333-8FDC-42A3-9474-1A3956D46DE8}") = "test", "test", "{B58941AC-6D96-42F8-90A6-415FACC0B512}"
EndProject
Project("{9A19103F-16F7-4668-BE54-9A1E7A4F7556}") = "AslHelp.TestApp", "test\AslHelp.TestApp\AslHelp.TestApp.csproj", "{06CFF43C-4C7A-4E82-B380-1B4CB1FC94A0}"
EndProject
Global
	GlobalSection(SolutionConfigurationPlatforms) = preSolution
		Debug|Any CPU = Debug|Any CPU
		Release|Any CPU = Release|Any CPU
	EndGlobalSection
	GlobalSection(ProjectConfigurationPlatforms) = postSolution
		{787D4753-C118-4783-9163-319ECC1EAA4C}.Debug|Any CPU.ActiveCfg = Debug|Any CPU
		{787D4753-C118-4783-9163-319ECC1EAA4C}.Debug|Any CPU.Build.0 = Debug|Any CPU
		{787D4753-C118-4783-9163-319ECC1EAA4C}.Release|Any CPU.ActiveCfg = Release|Any CPU
		{787D4753-C118-4783-9163-319ECC1EAA4C}.Release|Any CPU.Build.0 = Release|Any CPU
		{DA1029FA-DA5B-4FD4-AB96-DF73D381C124}.Debug|Any CPU.ActiveCfg = Debug|Any CPU
		{DA1029FA-DA5B-4FD4-AB96-DF73D381C124}.Debug|Any CPU.Build.0 = Debug|Any CPU
		{DA1029FA-DA5B-4FD4-AB96-DF73D381C124}.Release|Any CPU.ActiveCfg = Release|Any CPU
		{DA1029FA-DA5B-4FD4-AB96-DF73D381C124}.Release|Any CPU.Build.0 = Release|Any CPU
		{F2AD2CE2-E5DF-4B08-A9D1-33C674DEB27D}.Debug|Any CPU.ActiveCfg = Debug|Any CPU
		{F2AD2CE2-E5DF-4B08-A9D1-33C674DEB27D}.Debug|Any CPU.Build.0 = Debug|Any CPU
		{F2AD2CE2-E5DF-4B08-A9D1-33C674DEB27D}.Release|Any CPU.ActiveCfg = Release|Any CPU
		{F2AD2CE2-E5DF-4B08-A9D1-33C674DEB27D}.Release|Any CPU.Build.0 = Release|Any CPU
		{C121AA29-EFB0-4368-9FD0-309DE5F02032}.Debug|Any CPU.ActiveCfg = Debug|Any CPU
		{C121AA29-EFB0-4368-9FD0-309DE5F02032}.Debug|Any CPU.Build.0 = Debug|Any CPU
		{C121AA29-EFB0-4368-9FD0-309DE5F02032}.Release|Any CPU.ActiveCfg = Release|Any CPU
		{C121AA29-EFB0-4368-9FD0-309DE5F02032}.Release|Any CPU.Build.0 = Release|Any CPU
		{06CFF43C-4C7A-4E82-B380-1B4CB1FC94A0}.Debug|Any CPU.ActiveCfg = Debug|Any CPU
		{06CFF43C-4C7A-4E82-B380-1B4CB1FC94A0}.Debug|Any CPU.Build.0 = Debug|Any CPU
		{06CFF43C-4C7A-4E82-B380-1B4CB1FC94A0}.Release|Any CPU.ActiveCfg = Release|Any CPU
		{06CFF43C-4C7A-4E82-B380-1B4CB1FC94A0}.Release|Any CPU.Build.0 = Release|Any CPU
	EndGlobalSection
	GlobalSection(SolutionProperties) = preSolution
		HideSolutionNode = FALSE
	EndGlobalSection
	GlobalSection(NestedProjects) = preSolution
		{787D4753-C118-4783-9163-319ECC1EAA4C} = {7C8E5541-0C35-483E-A2A2-EF9FD2729C6D}
		{DA1029FA-DA5B-4FD4-AB96-DF73D381C124} = {A613C8E1-F875-4B56-ACF3-4CA240AEC930}
		{F2AD2CE2-E5DF-4B08-A9D1-33C674DEB27D} = {A613C8E1-F875-4B56-ACF3-4CA240AEC930}
		{C121AA29-EFB0-4368-9FD0-309DE5F02032} = {AF65C56C-90AB-46FD-B9CE-8A7C725B8664}
		{06CFF43C-4C7A-4E82-B380-1B4CB1FC94A0} = {B58941AC-6D96-42F8-90A6-415FACC0B512}
	EndGlobalSection
	GlobalSection(ExtensibilityGlobals) = postSolution
		SolutionGuid = {16B6754E-54C8-4BA8-AFDB-0B5CB2A817A4}
	EndGlobalSection
EndGlobal
