
Microsoft Visual Studio Solution File, Format Version 12.00
# Visual Studio Version 17
VisualStudioVersion = 17.5.002.0
MinimumVisualStudioVersion = 10.0.40219.1
Project("{2150E333-8FDC-42A3-9474-1A3956D46DE8}") = "native", "native", "{D300AECE-0F2C-4786-853D-2FA4D3E56615}"
EndProject
Project("{9A19103F-16F7-4668-BE54-9A1E7A4F7556}") = "AslHelp.Native", "native\AslHelp.Native\AslHelp.Native.csproj", "{1773D404-DE95-425C-9E41-F9FAD1FF65E4}"
EndProject
Project("{2150E333-8FDC-42A3-9474-1A3956D46DE8}") = "shared", "shared", "{86F13652-8AD2-4975-9343-78858C4190C9}"
EndProject
Project("{9A19103F-16F7-4668-BE54-9A1E7A4F7556}") = "AslHelp.Shared", "shared\AslHelp.Shared\AslHelp.Shared.csproj", "{74F56FB1-B9D6-444B-AD89-AD72588726B7}"
EndProject
Project("{2150E333-8FDC-42A3-9474-1A3956D46DE8}") = "src", "src", "{05254970-99EA-4F29-A984-CCCC8A62B5EB}"
EndProject
Project("{9A19103F-16F7-4668-BE54-9A1E7A4F7556}") = "AslHelp.Collections", "src\AslHelp.Collections\AslHelp.Collections.csproj", "{1885DBA9-8D38-4F5D-94D5-7DF3E0DA16E8}"
EndProject
Project("{2150E333-8FDC-42A3-9474-1A3956D46DE8}") = "test", "test", "{F0C36E76-C423-4ED5-BA5C-813E6F8FF0AA}"
EndProject
Project("{9A19103F-16F7-4668-BE54-9A1E7A4F7556}") = "AslHelp.TestApp", "test\AslHelp.TestApp\AslHelp.TestApp.csproj", "{373FBEB3-BD5C-4FC3-96E6-CE10F1940E40}"
EndProject
Project("{FAE04EC0-301F-11D3-BF4B-00C04F79EFBC}") = "AslHelp.Ipc", "shared\AslHelp.Ipc\AslHelp.Ipc.csproj", "{0296F547-ED12-482B-AAC3-E09B39A1CEFE}"
EndProject
Project("{FAE04EC0-301F-11D3-BF4B-00C04F79EFBC}") = "AslHelp.IO", "src\AslHelp.IO\AslHelp.IO.csproj", "{D604C6B3-F5F3-4C61-A596-C9B3525ED120}"
EndProject
Project("{FAE04EC0-301F-11D3-BF4B-00C04F79EFBC}") = "AslHelp.Memory", "src\AslHelp.Memory\AslHelp.Memory.csproj", "{2BCB920E-AC0B-4ED0-8F50-44FB98143DDC}"
EndProject
Project("{FAE04EC0-301F-11D3-BF4B-00C04F79EFBC}") = "AslHelp.Ipc.Mono", "shared\AslHelp.Ipc.Mono\AslHelp.Ipc.Mono.csproj", "{D236A614-A068-4B97-9884-1DC5F682F1C2}"
EndProject
Project("{FAE04EC0-301F-11D3-BF4B-00C04F79EFBC}") = "AslHelp.Shared.Tests", "test\AslHelp.Shared.Tests\AslHelp.Shared.Tests.csproj", "{F9C8DEF6-C834-4A07-BC8C-427B1406F0E9}"
EndProject
Global
	GlobalSection(SolutionConfigurationPlatforms) = preSolution
		Debug|Any CPU = Debug|Any CPU
		Release|Any CPU = Release|Any CPU
	EndGlobalSection
	GlobalSection(ProjectConfigurationPlatforms) = postSolution
		{1773D404-DE95-425C-9E41-F9FAD1FF65E4}.Debug|Any CPU.ActiveCfg = Debug|Any CPU
		{1773D404-DE95-425C-9E41-F9FAD1FF65E4}.Debug|Any CPU.Build.0 = Debug|Any CPU
		{1773D404-DE95-425C-9E41-F9FAD1FF65E4}.Release|Any CPU.ActiveCfg = Release|Any CPU
		{1773D404-DE95-425C-9E41-F9FAD1FF65E4}.Release|Any CPU.Build.0 = Release|Any CPU
		{74F56FB1-B9D6-444B-AD89-AD72588726B7}.Debug|Any CPU.ActiveCfg = Debug|Any CPU
		{74F56FB1-B9D6-444B-AD89-AD72588726B7}.Debug|Any CPU.Build.0 = Debug|Any CPU
		{74F56FB1-B9D6-444B-AD89-AD72588726B7}.Release|Any CPU.ActiveCfg = Release|Any CPU
		{74F56FB1-B9D6-444B-AD89-AD72588726B7}.Release|Any CPU.Build.0 = Release|Any CPU
		{1885DBA9-8D38-4F5D-94D5-7DF3E0DA16E8}.Debug|Any CPU.ActiveCfg = Debug|Any CPU
		{1885DBA9-8D38-4F5D-94D5-7DF3E0DA16E8}.Debug|Any CPU.Build.0 = Debug|Any CPU
		{1885DBA9-8D38-4F5D-94D5-7DF3E0DA16E8}.Release|Any CPU.ActiveCfg = Release|Any CPU
		{1885DBA9-8D38-4F5D-94D5-7DF3E0DA16E8}.Release|Any CPU.Build.0 = Release|Any CPU
		{373FBEB3-BD5C-4FC3-96E6-CE10F1940E40}.Debug|Any CPU.ActiveCfg = Debug|Any CPU
		{373FBEB3-BD5C-4FC3-96E6-CE10F1940E40}.Debug|Any CPU.Build.0 = Debug|Any CPU
		{373FBEB3-BD5C-4FC3-96E6-CE10F1940E40}.Release|Any CPU.ActiveCfg = Release|Any CPU
		{373FBEB3-BD5C-4FC3-96E6-CE10F1940E40}.Release|Any CPU.Build.0 = Release|Any CPU
		{0296F547-ED12-482B-AAC3-E09B39A1CEFE}.Debug|Any CPU.ActiveCfg = Debug|Any CPU
		{0296F547-ED12-482B-AAC3-E09B39A1CEFE}.Debug|Any CPU.Build.0 = Debug|Any CPU
		{0296F547-ED12-482B-AAC3-E09B39A1CEFE}.Release|Any CPU.ActiveCfg = Release|Any CPU
		{0296F547-ED12-482B-AAC3-E09B39A1CEFE}.Release|Any CPU.Build.0 = Release|Any CPU
		{D604C6B3-F5F3-4C61-A596-C9B3525ED120}.Debug|Any CPU.ActiveCfg = Debug|Any CPU
		{D604C6B3-F5F3-4C61-A596-C9B3525ED120}.Debug|Any CPU.Build.0 = Debug|Any CPU
		{D604C6B3-F5F3-4C61-A596-C9B3525ED120}.Release|Any CPU.ActiveCfg = Release|Any CPU
		{D604C6B3-F5F3-4C61-A596-C9B3525ED120}.Release|Any CPU.Build.0 = Release|Any CPU
		{2BCB920E-AC0B-4ED0-8F50-44FB98143DDC}.Debug|Any CPU.ActiveCfg = Debug|Any CPU
		{2BCB920E-AC0B-4ED0-8F50-44FB98143DDC}.Debug|Any CPU.Build.0 = Debug|Any CPU
		{2BCB920E-AC0B-4ED0-8F50-44FB98143DDC}.Release|Any CPU.ActiveCfg = Release|Any CPU
		{2BCB920E-AC0B-4ED0-8F50-44FB98143DDC}.Release|Any CPU.Build.0 = Release|Any CPU
		{D236A614-A068-4B97-9884-1DC5F682F1C2}.Debug|Any CPU.ActiveCfg = Debug|Any CPU
		{D236A614-A068-4B97-9884-1DC5F682F1C2}.Debug|Any CPU.Build.0 = Debug|Any CPU
		{D236A614-A068-4B97-9884-1DC5F682F1C2}.Release|Any CPU.ActiveCfg = Release|Any CPU
		{D236A614-A068-4B97-9884-1DC5F682F1C2}.Release|Any CPU.Build.0 = Release|Any CPU
		{F9C8DEF6-C834-4A07-BC8C-427B1406F0E9}.Debug|Any CPU.ActiveCfg = Debug|Any CPU
		{F9C8DEF6-C834-4A07-BC8C-427B1406F0E9}.Debug|Any CPU.Build.0 = Debug|Any CPU
		{F9C8DEF6-C834-4A07-BC8C-427B1406F0E9}.Release|Any CPU.ActiveCfg = Release|Any CPU
		{F9C8DEF6-C834-4A07-BC8C-427B1406F0E9}.Release|Any CPU.Build.0 = Release|Any CPU
	EndGlobalSection
	GlobalSection(SolutionProperties) = preSolution
		HideSolutionNode = FALSE
	EndGlobalSection
	GlobalSection(NestedProjects) = preSolution
		{1773D404-DE95-425C-9E41-F9FAD1FF65E4} = {D300AECE-0F2C-4786-853D-2FA4D3E56615}
		{74F56FB1-B9D6-444B-AD89-AD72588726B7} = {86F13652-8AD2-4975-9343-78858C4190C9}
		{1885DBA9-8D38-4F5D-94D5-7DF3E0DA16E8} = {05254970-99EA-4F29-A984-CCCC8A62B5EB}
		{373FBEB3-BD5C-4FC3-96E6-CE10F1940E40} = {F0C36E76-C423-4ED5-BA5C-813E6F8FF0AA}
		{0296F547-ED12-482B-AAC3-E09B39A1CEFE} = {86F13652-8AD2-4975-9343-78858C4190C9}
		{D604C6B3-F5F3-4C61-A596-C9B3525ED120} = {05254970-99EA-4F29-A984-CCCC8A62B5EB}
		{2BCB920E-AC0B-4ED0-8F50-44FB98143DDC} = {05254970-99EA-4F29-A984-CCCC8A62B5EB}
		{D236A614-A068-4B97-9884-1DC5F682F1C2} = {86F13652-8AD2-4975-9343-78858C4190C9}
		{F9C8DEF6-C834-4A07-BC8C-427B1406F0E9} = {F0C36E76-C423-4ED5-BA5C-813E6F8FF0AA}
	EndGlobalSection
	GlobalSection(ExtensibilityGlobals) = postSolution
		SolutionGuid = {91616496-374D-4FED-B32C-BE1FB8C2BFCC}
	EndGlobalSection
EndGlobal
